{
  "nodes": {
    "home-manager": {
      "inputs": {
        "nixpkgs": [
          "nixpkgs"
        ]
      },
      "locked": {
        "lastModified": 1762787259,
        "narHash": "sha256-t2U/GLLXHa2+kJkwnFNRVc2fEJ/lUfyZXBE5iKzJdcs=",
        "owner": "nix-community",
        "repo": "home-manager",
        "rev": "37a3d97f2873e0f68711117c34d04b7c7ead8f4e",
        "type": "github"
      },
      "original": {
        "owner": "nix-community",
        "repo": "home-manager",
        "type": "github"
      }
    },
    "nixpkgs": {
      "locked": {
        "lastModified": 1762756533,
        "narHash": "sha256-HiRDeUOD1VLklHeOmaKDzf+8Hb7vSWPVFcWwaTrpm+U=",
        "owner": "NixOS",
        "repo": "nixpkgs",
        "rev": "c2448301fb856e351aab33e64c33a3fc8bcf637d",
        "type": "github"
      },
      "original": {
        "owner": "NixOS",
        "ref": "nixos-25.05",
        "repo": "nixpkgs",
        "type": "github"
      }
    },
    "root": {
      "inputs": {
        "home-manager": "home-manager",
        "nixpkgs": "nixpkgs"
      }
    }
  },
  "root": "root",
  "version": 7
}
